// !$*UTF8*$!
{
	archiveVersion = 1;
	classes = {
	};
	objectVersion = 48;
	objects = {

/* Begin PBXBuildFile section */
		7D5E2594ECFEC10BD994AECB /* Pods_PfMPokedex.framework in Frameworks */ = {isa = PBXBuildFile; fileRef = 9A781166D55616F4AEE7AA9F /* Pods_PfMPokedex.framework */; };
		A3260171204A044100FBC7A2 /* PokedexAppDelegate.swift in Sources */ = {isa = PBXBuildFile; fileRef = A3260170204A044100FBC7A2 /* PokedexAppDelegate.swift */; };
		A3260173204A044100FBC7A2 /* ViewController.swift in Sources */ = {isa = PBXBuildFile; fileRef = A3260172204A044100FBC7A2 /* ViewController.swift */; };
		A3260176204A044100FBC7A2 /* Main.storyboard in Resources */ = {isa = PBXBuildFile; fileRef = A3260174204A044100FBC7A2 /* Main.storyboard */; };
		A3260178204A044100FBC7A2 /* Assets.xcassets in Resources */ = {isa = PBXBuildFile; fileRef = A3260177204A044100FBC7A2 /* Assets.xcassets */; };
		A326017B204A044100FBC7A2 /* LaunchScreen.storyboard in Resources */ = {isa = PBXBuildFile; fileRef = A3260179204A044100FBC7A2 /* LaunchScreen.storyboard */; };
		A3260186204A044100FBC7A2 /* PMPokedexTests.swift in Sources */ = {isa = PBXBuildFile; fileRef = A3260185204A044100FBC7A2 /* PMPokedexTests.swift */; };
		A3260191204A044100FBC7A2 /* PMPokedexUITests.swift in Sources */ = {isa = PBXBuildFile; fileRef = A3260190204A044100FBC7A2 /* PMPokedexUITests.swift */; };
/* End PBXBuildFile section */

/* Begin PBXContainerItemProxy section */
		A3260182204A044100FBC7A2 /* PBXContainerItemProxy */ = {
			isa = PBXContainerItemProxy;
			containerPortal = A3260165204A044100FBC7A2 /* Project object */;
			proxyType = 1;
			remoteGlobalIDString = A326016C204A044100FBC7A2;
			remoteInfo = PMPokedex;
		};
		A326018D204A044100FBC7A2 /* PBXContainerItemProxy */ = {
			isa = PBXContainerItemProxy;
			containerPortal = A3260165204A044100FBC7A2 /* Project object */;
			proxyType = 1;
			remoteGlobalIDString = A326016C204A044100FBC7A2;
			remoteInfo = PMPokedex;
		};
/* End PBXContainerItemProxy section */

/* Begin PBXFileReference section */
		14D5152FFD1FE28C4AB3E12F /* Pods-PfMPokedex.release.xcconfig */ = {isa = PBXFileReference; includeInIndex = 1; lastKnownFileType = text.xcconfig; name = "Pods-PfMPokedex.release.xcconfig"; path = "Pods/Target Support Files/Pods-PfMPokedex/Pods-PfMPokedex.release.xcconfig"; sourceTree = "<group>"; };
		1A1739E608EE92F2BD3EF55E /* Pods-PfMPokedex.debug.xcconfig */ = {isa = PBXFileReference; includeInIndex = 1; lastKnownFileType = text.xcconfig; name = "Pods-PfMPokedex.debug.xcconfig"; path = "Pods/Target Support Files/Pods-PfMPokedex/Pods-PfMPokedex.debug.xcconfig"; sourceTree = "<group>"; };
		9A781166D55616F4AEE7AA9F /* Pods_PfMPokedex.framework */ = {isa = PBXFileReference; explicitFileType = wrapper.framework; includeInIndex = 0; path = Pods_PfMPokedex.framework; sourceTree = BUILT_PRODUCTS_DIR; };
		A326016D204A044100FBC7A2 /* PfMPokedex.app */ = {isa = PBXFileReference; explicitFileType = wrapper.application; includeInIndex = 0; path = PfMPokedex.app; sourceTree = BUILT_PRODUCTS_DIR; };
		A3260170204A044100FBC7A2 /* PokedexAppDelegate.swift */ = {isa = PBXFileReference; lastKnownFileType = sourcecode.swift; path = PokedexAppDelegate.swift; sourceTree = "<group>"; };
		A3260172204A044100FBC7A2 /* ViewController.swift */ = {isa = PBXFileReference; lastKnownFileType = sourcecode.swift; path = ViewController.swift; sourceTree = "<group>"; };
		A3260175204A044100FBC7A2 /* Base */ = {isa = PBXFileReference; lastKnownFileType = file.storyboard; name = Base; path = Base.lproj/Main.storyboard; sourceTree = "<group>"; };
		A3260177204A044100FBC7A2 /* Assets.xcassets */ = {isa = PBXFileReference; lastKnownFileType = folder.assetcatalog; path = Assets.xcassets; sourceTree = "<group>"; };
		A326017A204A044100FBC7A2 /* Base */ = {isa = PBXFileReference; lastKnownFileType = file.storyboard; name = Base; path = Base.lproj/LaunchScreen.storyboard; sourceTree = "<group>"; };
		A326017C204A044100FBC7A2 /* Info.plist */ = {isa = PBXFileReference; lastKnownFileType = text.plist.xml; path = Info.plist; sourceTree = "<group>"; };
		A3260181204A044100FBC7A2 /* PfMPokedexTests.xctest */ = {isa = PBXFileReference; explicitFileType = wrapper.cfbundle; includeInIndex = 0; path = PfMPokedexTests.xctest; sourceTree = BUILT_PRODUCTS_DIR; };
		A3260185204A044100FBC7A2 /* PMPokedexTests.swift */ = {isa = PBXFileReference; lastKnownFileType = sourcecode.swift; path = PMPokedexTests.swift; sourceTree = "<group>"; };
		A3260187204A044100FBC7A2 /* Info.plist */ = {isa = PBXFileReference; lastKnownFileType = text.plist.xml; path = Info.plist; sourceTree = "<group>"; };
		A326018C204A044100FBC7A2 /* PfMPokedexUITests.xctest */ = {isa = PBXFileReference; explicitFileType = wrapper.cfbundle; includeInIndex = 0; path = PfMPokedexUITests.xctest; sourceTree = BUILT_PRODUCTS_DIR; };
		A3260190204A044100FBC7A2 /* PMPokedexUITests.swift */ = {isa = PBXFileReference; lastKnownFileType = sourcecode.swift; path = PMPokedexUITests.swift; sourceTree = "<group>"; };
		A3260192204A044100FBC7A2 /* Info.plist */ = {isa = PBXFileReference; lastKnownFileType = text.plist.xml; path = Info.plist; sourceTree = "<group>"; };
/* End PBXFileReference section */

/* Begin PBXFrameworksBuildPhase section */
		A326016A204A044100FBC7A2 /* Frameworks */ = {
			isa = PBXFrameworksBuildPhase;
			buildActionMask = 2147483647;
			files = (
				7D5E2594ECFEC10BD994AECB /* Pods_PfMPokedex.framework in Frameworks */,
			);
			runOnlyForDeploymentPostprocessing = 0;
		};
		A326017E204A044100FBC7A2 /* Frameworks */ = {
			isa = PBXFrameworksBuildPhase;
			buildActionMask = 2147483647;
			files = (
			);
			runOnlyForDeploymentPostprocessing = 0;
		};
		A3260189204A044100FBC7A2 /* Frameworks */ = {
			isa = PBXFrameworksBuildPhase;
			buildActionMask = 2147483647;
			files = (
			);
			runOnlyForDeploymentPostprocessing = 0;
		};
/* End PBXFrameworksBuildPhase section */

/* Begin PBXGroup section */
		A3260164204A044100FBC7A2 = {
			isa = PBXGroup;
			children = (
				A326016F204A044100FBC7A2 /* PfMPokedex */,
				A3260184204A044100FBC7A2 /* PfMPokedexTests */,
				A326018F204A044100FBC7A2 /* PfMPokedexUITests */,
				A326016E204A044100FBC7A2 /* Products */,
				C84EA0FFDD710F40E0E98DF8 /* Pods */,
				C3800CBE648DDF85D70EF7BB /* Frameworks */,
			);
			sourceTree = "<group>";
		};
		A326016E204A044100FBC7A2 /* Products */ = {
			isa = PBXGroup;
			children = (
				A326016D204A044100FBC7A2 /* PfMPokedex.app */,
				A3260181204A044100FBC7A2 /* PfMPokedexTests.xctest */,
				A326018C204A044100FBC7A2 /* PfMPokedexUITests.xctest */,
			);
			name = Products;
			sourceTree = "<group>";
		};
		A326016F204A044100FBC7A2 /* PfMPokedex */ = {
			isa = PBXGroup;
			children = (
				A3260170204A044100FBC7A2 /* PokedexAppDelegate.swift */,
				A3260172204A044100FBC7A2 /* ViewController.swift */,
				A326019F204A09FD00FBC7A2 /* Storyboards */,
				A326019E204A09D600FBC7A2 /* Resources */,
			);
			path = PfMPokedex;
			sourceTree = "<group>";
		};
		A3260184204A044100FBC7A2 /* PfMPokedexTests */ = {
			isa = PBXGroup;
			children = (
				A3260185204A044100FBC7A2 /* PMPokedexTests.swift */,
				A3260187204A044100FBC7A2 /* Info.plist */,
			);
			path = PfMPokedexTests;
			sourceTree = "<group>";
		};
		A326018F204A044100FBC7A2 /* PfMPokedexUITests */ = {
			isa = PBXGroup;
			children = (
				A3260190204A044100FBC7A2 /* PMPokedexUITests.swift */,
				A3260192204A044100FBC7A2 /* Info.plist */,
			);
			path = PfMPokedexUITests;
			sourceTree = "<group>";
		};
		A326019E204A09D600FBC7A2 /* Resources */ = {
			isa = PBXGroup;
			children = (
				A3260177204A044100FBC7A2 /* Assets.xcassets */,
				A326017C204A044100FBC7A2 /* Info.plist */,
			);
			path = Resources;
			sourceTree = "<group>";
		};
		A326019F204A09FD00FBC7A2 /* Storyboards */ = {
			isa = PBXGroup;
			children = (
				A3260174204A044100FBC7A2 /* Main.storyboard */,
				A3260179204A044100FBC7A2 /* LaunchScreen.storyboard */,
			);
			path = Storyboards;
			sourceTree = "<group>";
		};
		C3800CBE648DDF85D70EF7BB /* Frameworks */ = {
			isa = PBXGroup;
			children = (
				9A781166D55616F4AEE7AA9F /* Pods_PfMPokedex.framework */,
			);
			name = Frameworks;
			sourceTree = "<group>";
		};
		C84EA0FFDD710F40E0E98DF8 /* Pods */ = {
			isa = PBXGroup;
			children = (
				1A1739E608EE92F2BD3EF55E /* Pods-PfMPokedex.debug.xcconfig */,
				14D5152FFD1FE28C4AB3E12F /* Pods-PfMPokedex.release.xcconfig */,
			);
			name = Pods;
			sourceTree = "<group>";
		};
/* End PBXGroup section */

/* Begin PBXNativeTarget section */
		A326016C204A044100FBC7A2 /* PfMPokedex */ = {
			isa = PBXNativeTarget;
			buildConfigurationList = A3260195204A044100FBC7A2 /* Build configuration list for PBXNativeTarget "PfMPokedex" */;
			buildPhases = (
				1A898DBFC199C21ADD43C5F2 /* [CP] Check Pods Manifest.lock */,
				A3260169204A044100FBC7A2 /* Sources */,
				A326016A204A044100FBC7A2 /* Frameworks */,
				A326016B204A044100FBC7A2 /* Resources */,
				D399B821B1A1AC503EE77A7B /* [CP] Embed Pods Frameworks */,
				511EAFA3B6060173C2A91D58 /* [CP] Copy Pods Resources */,
			);
			buildRules = (
			);
			dependencies = (
			);
			name = PfMPokedex;
			productName = PMPokedex;
			productReference = A326016D204A044100FBC7A2 /* PfMPokedex.app */;
			productType = "com.apple.product-type.application";
		};
		A3260180204A044100FBC7A2 /* PfMPokedexTests */ = {
			isa = PBXNativeTarget;
			buildConfigurationList = A3260198204A044100FBC7A2 /* Build configuration list for PBXNativeTarget "PfMPokedexTests" */;
			buildPhases = (
				A326017D204A044100FBC7A2 /* Sources */,
				A326017E204A044100FBC7A2 /* Frameworks */,
				A326017F204A044100FBC7A2 /* Resources */,
			);
			buildRules = (
			);
			dependencies = (
				A3260183204A044100FBC7A2 /* PBXTargetDependency */,
			);
			name = PfMPokedexTests;
			productName = PMPokedexTests;
			productReference = A3260181204A044100FBC7A2 /* PfMPokedexTests.xctest */;
			productType = "com.apple.product-type.bundle.unit-test";
		};
		A326018B204A044100FBC7A2 /* PfMPokedexUITests */ = {
			isa = PBXNativeTarget;
			buildConfigurationList = A326019B204A044100FBC7A2 /* Build configuration list for PBXNativeTarget "PfMPokedexUITests" */;
			buildPhases = (
				A3260188204A044100FBC7A2 /* Sources */,
				A3260189204A044100FBC7A2 /* Frameworks */,
				A326018A204A044100FBC7A2 /* Resources */,
			);
			buildRules = (
			);
			dependencies = (
				A326018E204A044100FBC7A2 /* PBXTargetDependency */,
			);
			name = PfMPokedexUITests;
			productName = PMPokedexUITests;
			productReference = A326018C204A044100FBC7A2 /* PfMPokedexUITests.xctest */;
			productType = "com.apple.product-type.bundle.ui-testing";
		};
/* End PBXNativeTarget section */

/* Begin PBXProject section */
		A3260165204A044100FBC7A2 /* Project object */ = {
			isa = PBXProject;
			attributes = {
				LastSwiftUpdateCheck = 0920;
				LastUpgradeCheck = 0920;
				ORGANIZATIONNAME = "Pedro Meira";
				TargetAttributes = {
					A326016C204A044100FBC7A2 = {
						CreatedOnToolsVersion = 9.2;
						ProvisioningStyle = Automatic;
					};
					A3260180204A044100FBC7A2 = {
						CreatedOnToolsVersion = 9.2;
						ProvisioningStyle = Automatic;
						TestTargetID = A326016C204A044100FBC7A2;
					};
					A326018B204A044100FBC7A2 = {
						CreatedOnToolsVersion = 9.2;
						ProvisioningStyle = Automatic;
						TestTargetID = A326016C204A044100FBC7A2;
					};
				};
			};
			buildConfigurationList = A3260168204A044100FBC7A2 /* Build configuration list for PBXProject "PfMPokedex" */;
			compatibilityVersion = "Xcode 8.0";
			developmentRegion = en;
			hasScannedForEncodings = 0;
			knownRegions = (
				en,
				Base,
			);
			mainGroup = A3260164204A044100FBC7A2;
			productRefGroup = A326016E204A044100FBC7A2 /* Products */;
			projectDirPath = "";
			projectRoot = "";
			targets = (
				A326016C204A044100FBC7A2 /* PfMPokedex */,
				A3260180204A044100FBC7A2 /* PfMPokedexTests */,
				A326018B204A044100FBC7A2 /* PfMPokedexUITests */,
			);
		};
/* End PBXProject section */

/* Begin PBXResourcesBuildPhase section */
		A326016B204A044100FBC7A2 /* Resources */ = {
			isa = PBXResourcesBuildPhase;
			buildActionMask = 2147483647;
			files = (
				A326017B204A044100FBC7A2 /* LaunchScreen.storyboard in Resources */,
				A3260178204A044100FBC7A2 /* Assets.xcassets in Resources */,
				A3260176204A044100FBC7A2 /* Main.storyboard in Resources */,
			);
			runOnlyForDeploymentPostprocessing = 0;
		};
		A326017F204A044100FBC7A2 /* Resources */ = {
			isa = PBXResourcesBuildPhase;
			buildActionMask = 2147483647;
			files = (
			);
			runOnlyForDeploymentPostprocessing = 0;
		};
		A326018A204A044100FBC7A2 /* Resources */ = {
			isa = PBXResourcesBuildPhase;
			buildActionMask = 2147483647;
			files = (
			);
			runOnlyForDeploymentPostprocessing = 0;
		};
/* End PBXResourcesBuildPhase section */

/* Begin PBXShellScriptBuildPhase section */
		1A898DBFC199C21ADD43C5F2 /* [CP] Check Pods Manifest.lock */ = {
			isa = PBXShellScriptBuildPhase;
			buildActionMask = 2147483647;
			files = (
			);
			inputPaths = (
				"${PODS_PODFILE_DIR_PATH}/Podfile.lock",
				"${PODS_ROOT}/Manifest.lock",
			);
			name = "[CP] Check Pods Manifest.lock";
			outputPaths = (
				"$(DERIVED_FILE_DIR)/Pods-PfMPokedex-checkManifestLockResult.txt",
			);
			runOnlyForDeploymentPostprocessing = 0;
			shellPath = /bin/sh;
			shellScript = "diff \"${PODS_PODFILE_DIR_PATH}/Podfile.lock\" \"${PODS_ROOT}/Manifest.lock\" > /dev/null\nif [ $? != 0 ] ; then\n    # print error to STDERR\n    echo \"error: The sandbox is not in sync with the Podfile.lock. Run 'pod install' or update your CocoaPods installation.\" >&2\n    exit 1\nfi\n# This output is used by Xcode 'outputs' to avoid re-running this script phase.\necho \"SUCCESS\" > \"${SCRIPT_OUTPUT_FILE_0}\"\n";
			showEnvVarsInLog = 0;
		};
		511EAFA3B6060173C2A91D58 /* [CP] Copy Pods Resources */ = {
			isa = PBXShellScriptBuildPhase;
			buildActionMask = 2147483647;
			files = (
			);
			inputPaths = (
			);
			name = "[CP] Copy Pods Resources";
			outputPaths = (
			);
			runOnlyForDeploymentPostprocessing = 0;
			shellPath = /bin/sh;
			shellScript = "\"${SRCROOT}/Pods/Target Support Files/Pods-PfMPokedex/Pods-PfMPokedex-resources.sh\"\n";
			showEnvVarsInLog = 0;
		};
		D399B821B1A1AC503EE77A7B /* [CP] Embed Pods Frameworks */ = {
			isa = PBXShellScriptBuildPhase;
			buildActionMask = 2147483647;
			files = (
			);
			inputPaths = (
				"${SRCROOT}/Pods/Target Support Files/Pods-PfMPokedex/Pods-PfMPokedex-frameworks.sh",
				"${BUILT_PRODUCTS_DIR}/Alamofire/Alamofire.framework",
			);
			name = "[CP] Embed Pods Frameworks";
			outputPaths = (
				"${TARGET_BUILD_DIR}/${FRAMEWORKS_FOLDER_PATH}/Alamofire.framework",
			);
			runOnlyForDeploymentPostprocessing = 0;
			shellPath = /bin/sh;
			shellScript = "\"${SRCROOT}/Pods/Target Support Files/Pods-PfMPokedex/Pods-PfMPokedex-frameworks.sh\"\n";
			showEnvVarsInLog = 0;
		};
/* End PBXShellScriptBuildPhase section */

/* Begin PBXSourcesBuildPhase section */
		A3260169204A044100FBC7A2 /* Sources */ = {
			isa = PBXSourcesBuildPhase;
			buildActionMask = 2147483647;
			files = (
				A3260173204A044100FBC7A2 /* ViewController.swift in Sources */,
				A3260171204A044100FBC7A2 /* PokedexAppDelegate.swift in Sources */,
			);
			runOnlyForDeploymentPostprocessing = 0;
		};
		A326017D204A044100FBC7A2 /* Sources */ = {
			isa = PBXSourcesBuildPhase;
			buildActionMask = 2147483647;
			files = (
				A3260186204A044100FBC7A2 /* PMPokedexTests.swift in Sources */,
			);
			runOnlyForDeploymentPostprocessing = 0;
		};
		A3260188204A044100FBC7A2 /* Sources */ = {
			isa = PBXSourcesBuildPhase;
			buildActionMask = 2147483647;
			files = (
				A3260191204A044100FBC7A2 /* PMPokedexUITests.swift in Sources */,
			);
			runOnlyForDeploymentPostprocessing = 0;
		};
/* End PBXSourcesBuildPhase section */

/* Begin PBXTargetDependency section */
		A3260183204A044100FBC7A2 /* PBXTargetDependency */ = {
			isa = PBXTargetDependency;
			target = A326016C204A044100FBC7A2 /* PfMPokedex */;
			targetProxy = A3260182204A044100FBC7A2 /* PBXContainerItemProxy */;
		};
		A326018E204A044100FBC7A2 /* PBXTargetDependency */ = {
			isa = PBXTargetDependency;
			target = A326016C204A044100FBC7A2 /* PfMPokedex */;
			targetProxy = A326018D204A044100FBC7A2 /* PBXContainerItemProxy */;
		};
/* End PBXTargetDependency section */

/* Begin PBXVariantGroup section */
		A3260174204A044100FBC7A2 /* Main.storyboard */ = {
			isa = PBXVariantGroup;
			children = (
				A3260175204A044100FBC7A2 /* Base */,
			);
			name = Main.storyboard;
			sourceTree = "<group>";
		};
		A3260179204A044100FBC7A2 /* LaunchScreen.storyboard */ = {
			isa = PBXVariantGroup;
			children = (
				A326017A204A044100FBC7A2 /* Base */,
			);
			name = LaunchScreen.storyboard;
			sourceTree = "<group>";
		};
/* End PBXVariantGroup section */

/* Begin XCBuildConfiguration section */
		A3260193204A044100FBC7A2 /* Debug */ = {
			isa = XCBuildConfiguration;
			buildSettings = {
				ALWAYS_SEARCH_USER_PATHS = NO;
				CLANG_ANALYZER_NONNULL = YES;
				CLANG_ANALYZER_NUMBER_OBJECT_CONVERSION = YES_AGGRESSIVE;
				CLANG_CXX_LANGUAGE_STANDARD = "gnu++14";
				CLANG_CXX_LIBRARY = "libc++";
				CLANG_ENABLE_MODULES = YES;
				CLANG_ENABLE_OBJC_ARC = YES;
				CLANG_WARN_BLOCK_CAPTURE_AUTORELEASING = YES;
				CLANG_WARN_BOOL_CONVERSION = YES;
				CLANG_WARN_COMMA = YES;
				CLANG_WARN_CONSTANT_CONVERSION = YES;
				CLANG_WARN_DIRECT_OBJC_ISA_USAGE = YES_ERROR;
				CLANG_WARN_DOCUMENTATION_COMMENTS = YES;
				CLANG_WARN_EMPTY_BODY = YES;
				CLANG_WARN_ENUM_CONVERSION = YES;
				CLANG_WARN_INFINITE_RECURSION = YES;
				CLANG_WARN_INT_CONVERSION = YES;
				CLANG_WARN_NON_LITERAL_NULL_CONVERSION = YES;
				CLANG_WARN_OBJC_LITERAL_CONVERSION = YES;
				CLANG_WARN_OBJC_ROOT_CLASS = YES_ERROR;
				CLANG_WARN_RANGE_LOOP_ANALYSIS = YES;
				CLANG_WARN_STRICT_PROTOTYPES = YES;
				CLANG_WARN_SUSPICIOUS_MOVE = YES;
				CLANG_WARN_UNGUARDED_AVAILABILITY = YES_AGGRESSIVE;
				CLANG_WARN_UNREACHABLE_CODE = YES;
				CLANG_WARN__DUPLICATE_METHOD_MATCH = YES;
				CODE_SIGN_IDENTITY = "iPhone Developer";
				COPY_PHASE_STRIP = NO;
				DEBUG_INFORMATION_FORMAT = dwarf;
				ENABLE_STRICT_OBJC_MSGSEND = YES;
				ENABLE_TESTABILITY = YES;
				GCC_C_LANGUAGE_STANDARD = gnu11;
				GCC_DYNAMIC_NO_PIC = NO;
				GCC_NO_COMMON_BLOCKS = YES;
				GCC_OPTIMIZATION_LEVEL = 0;
				GCC_PREPROCESSOR_DEFINITIONS = (
					"DEBUG=1",
					"$(inherited)",
				);
				GCC_WARN_64_TO_32_BIT_CONVERSION = YES;
				GCC_WARN_ABOUT_RETURN_TYPE = YES_ERROR;
				GCC_WARN_UNDECLARED_SELECTOR = YES;
				GCC_WARN_UNINITIALIZED_AUTOS = YES_AGGRESSIVE;
				GCC_WARN_UNUSED_FUNCTION = YES;
				GCC_WARN_UNUSED_VARIABLE = YES;
				IPHONEOS_DEPLOYMENT_TARGET = 11.2;
				MTL_ENABLE_DEBUG_INFO = YES;
				ONLY_ACTIVE_ARCH = YES;
				SDKROOT = iphoneos;
				SWIFT_ACTIVE_COMPILATION_CONDITIONS = DEBUG;
				SWIFT_OPTIMIZATION_LEVEL = "-Onone";
			};
			name = Debug;
		};
		A3260194204A044100FBC7A2 /* Release */ = {
			isa = XCBuildConfiguration;
			buildSettings = {
				ALWAYS_SEARCH_USER_PATHS = NO;
				CLANG_ANALYZER_NONNULL = YES;
				CLANG_ANALYZER_NUMBER_OBJECT_CONVERSION = YES_AGGRESSIVE;
				CLANG_CXX_LANGUAGE_STANDARD = "gnu++14";
				CLANG_CXX_LIBRARY = "libc++";
				CLANG_ENABLE_MODULES = YES;
				CLANG_ENABLE_OBJC_ARC = YES;
				CLANG_WARN_BLOCK_CAPTURE_AUTORELEASING = YES;
				CLANG_WARN_BOOL_CONVERSION = YES;
				CLANG_WARN_COMMA = YES;
				CLANG_WARN_CONSTANT_CONVERSION = YES;
				CLANG_WARN_DIRECT_OBJC_ISA_USAGE = YES_ERROR;
				CLANG_WARN_DOCUMENTATION_COMMENTS = YES;
				CLANG_WARN_EMPTY_BODY = YES;
				CLANG_WARN_ENUM_CONVERSION = YES;
				CLANG_WARN_INFINITE_RECURSION = YES;
				CLANG_WARN_INT_CONVERSION = YES;
				CLANG_WARN_NON_LITERAL_NULL_CONVERSION = YES;
				CLANG_WARN_OBJC_LITERAL_CONVERSION = YES;
				CLANG_WARN_OBJC_ROOT_CLASS = YES_ERROR;
				CLANG_WARN_RANGE_LOOP_ANALYSIS = YES;
				CLANG_WARN_STRICT_PROTOTYPES = YES;
				CLANG_WARN_SUSPICIOUS_MOVE = YES;
				CLANG_WARN_UNGUARDED_AVAILABILITY = YES_AGGRESSIVE;
				CLANG_WARN_UNREACHABLE_CODE = YES;
				CLANG_WARN__DUPLICATE_METHOD_MATCH = YES;
				CODE_SIGN_IDENTITY = "iPhone Developer";
				COPY_PHASE_STRIP = NO;
				DEBUG_INFORMATION_FORMAT = "dwarf-with-dsym";
				ENABLE_NS_ASSERTIONS = NO;
				ENABLE_STRICT_OBJC_MSGSEND = YES;
				GCC_C_LANGUAGE_STANDARD = gnu11;
				GCC_NO_COMMON_BLOCKS = YES;
				GCC_WARN_64_TO_32_BIT_CONVERSION = YES;
				GCC_WARN_ABOUT_RETURN_TYPE = YES_ERROR;
				GCC_WARN_UNDECLARED_SELECTOR = YES;
				GCC_WARN_UNINITIALIZED_AUTOS = YES_AGGRESSIVE;
				GCC_WARN_UNUSED_FUNCTION = YES;
				GCC_WARN_UNUSED_VARIABLE = YES;
				IPHONEOS_DEPLOYMENT_TARGET = 11.2;
				MTL_ENABLE_DEBUG_INFO = NO;
				SDKROOT = iphoneos;
				SWIFT_OPTIMIZATION_LEVEL = "-Owholemodule";
				VALIDATE_PRODUCT = YES;
			};
			name = Release;
		};
		A3260196204A044100FBC7A2 /* Debug */ = {
			isa = XCBuildConfiguration;
			baseConfigurationReference = 1A1739E608EE92F2BD3EF55E /* Pods-PfMPokedex.debug.xcconfig */;
			buildSettings = {
				ASSETCATALOG_COMPILER_APPICON_NAME = AppIcon;
				CODE_SIGN_STYLE = Automatic;
				DEVELOPMENT_TEAM = EMU87B2GL4;
				INFOPLIST_FILE = PfMPokedex/Resources/Info.plist;
				LD_RUNPATH_SEARCH_PATHS = "$(inherited) @executable_path/Frameworks";
				PRODUCT_BUNDLE_IDENTIFIER = com.pfmeira.PMPokedex;
				PRODUCT_NAME = "$(TARGET_NAME)";
				SWIFT_VERSION = 4.0;
				TARGETED_DEVICE_FAMILY = "1,2";
			};
			name = Debug;
		};
		A3260197204A044100FBC7A2 /* Release */ = {
			isa = XCBuildConfiguration;
			baseConfigurationReference = 14D5152FFD1FE28C4AB3E12F /* Pods-PfMPokedex.release.xcconfig */;
			buildSettings = {
				ASSETCATALOG_COMPILER_APPICON_NAME = AppIcon;
				CODE_SIGN_STYLE = Automatic;
				DEVELOPMENT_TEAM = EMU87B2GL4;
				INFOPLIST_FILE = PfMPokedex/Resources/Info.plist;
				LD_RUNPATH_SEARCH_PATHS = "$(inherited) @executable_path/Frameworks";
				PRODUCT_BUNDLE_IDENTIFIER = com.pfmeira.PMPokedex;
				PRODUCT_NAME = "$(TARGET_NAME)";
				SWIFT_VERSION = 4.0;
				TARGETED_DEVICE_FAMILY = "1,2";
			};
			name = Release;
		};
		A3260199204A044100FBC7A2 /* Debug */ = {
			isa = XCBuildConfiguration;
			buildSettings = {
				ALWAYS_EMBED_SWIFT_STANDARD_LIBRARIES = YES;
				BUNDLE_LOADER = "$(TEST_HOST)";
				CODE_SIGN_STYLE = Automatic;
				DEVELOPMENT_TEAM = EMU87B2GL4;
				INFOPLIST_FILE = PMPokedexTests/Info.plist;
				LD_RUNPATH_SEARCH_PATHS = "$(inherited) @executable_path/Frameworks @loader_path/Frameworks";
				PRODUCT_BUNDLE_IDENTIFIER = com.pfmeira.PMPokedexTests;
				PRODUCT_NAME = "$(TARGET_NAME)";
				SWIFT_VERSION = 4.0;
				TARGETED_DEVICE_FAMILY = "1,2";
				TEST_HOST = "$(BUILT_PRODUCTS_DIR)/PfMPokedex.app/PfMPokedex";
			};
			name = Debug;
		};
		A326019A204A044100FBC7A2 /* Release */ = {
			isa = XCBuildConfiguration;
			buildSettings = {
				ALWAYS_EMBED_SWIFT_STANDARD_LIBRARIES = YES;
				BUNDLE_LOADER = "$(TEST_HOST)";
				CODE_SIGN_STYLE = Automatic;
				DEVELOPMENT_TEAM = EMU87B2GL4;
				INFOPLIST_FILE = PMPokedexTests/Info.plist;
				LD_RUNPATH_SEARCH_PATHS = "$(inherited) @executable_path/Frameworks @loader_path/Frameworks";
				PRODUCT_BUNDLE_IDENTIFIER = com.pfmeira.PMPokedexTests;
				PRODUCT_NAME = "$(TARGET_NAME)";
				SWIFT_VERSION = 4.0;
				TARGETED_DEVICE_FAMILY = "1,2";
				TEST_HOST = "$(BUILT_PRODUCTS_DIR)/PfMPokedex.app/PfMPokedex";
			};
			name = Release;
		};
		A326019C204A044100FBC7A2 /* Debug */ = {
			isa = XCBuildConfiguration;
			buildSettings = {
				ALWAYS_EMBED_SWIFT_STANDARD_LIBRARIES = YES;
				CODE_SIGN_STYLE = Automatic;
				DEVELOPMENT_TEAM = EMU87B2GL4;
				INFOPLIST_FILE = PMPokedexUITests/Info.plist;
				LD_RUNPATH_SEARCH_PATHS = "$(inherited) @executable_path/Frameworks @loader_path/Frameworks";
				PRODUCT_BUNDLE_IDENTIFIER = com.pfmeira.PMPokedexUITests;
				PRODUCT_NAME = "$(TARGET_NAME)";
				SWIFT_VERSION = 4.0;
				TARGETED_DEVICE_FAMILY = "1,2";
				TEST_TARGET_NAME = PMPokedex;
			};
			name = Debug;
		};
		A326019D204A044100FBC7A2 /* Release */ = {
			isa = XCBuildConfiguration;
			buildSettings = {
				ALWAYS_EMBED_SWIFT_STANDARD_LIBRARIES = YES;
				CODE_SIGN_STYLE = Automatic;
				DEVELOPMENT_TEAM = EMU87B2GL4;
				INFOPLIST_FILE = PMPokedexUITests/Info.plist;
				LD_RUNPATH_SEARCH_PATHS = "$(inherited) @executable_path/Frameworks @loader_path/Frameworks";
				PRODUCT_BUNDLE_IDENTIFIER = com.pfmeira.PMPokedexUITests;
				PRODUCT_NAME = "$(TARGET_NAME)";
				SWIFT_VERSION = 4.0;
				TARGETED_DEVICE_FAMILY = "1,2";
				TEST_TARGET_NAME = PMPokedex;
			};
			name = Release;
		};
/* End XCBuildConfiguration section */

/* Begin XCConfigurationList section */
		A3260168204A044100FBC7A2 /* Build configuration list for PBXProject "PfMPokedex" */ = {
			isa = XCConfigurationList;
			buildConfigurations = (
				A3260193204A044100FBC7A2 /* Debug */,
				A3260194204A044100FBC7A2 /* Release */,
			);
			defaultConfigurationIsVisible = 0;
			defaultConfigurationName = Release;
		};
		A3260195204A044100FBC7A2 /* Build configuration list for PBXNativeTarget "PfMPokedex" */ = {
			isa = XCConfigurationList;
			buildConfigurations = (
				A3260196204A044100FBC7A2 /* Debug */,
				A3260197204A044100FBC7A2 /* Release */,
			);
			defaultConfigurationIsVisible = 0;
			defaultConfigurationName = Release;
		};
		A3260198204A044100FBC7A2 /* Build configuration list for PBXNativeTarget "PfMPokedexTests" */ = {
			isa = XCConfigurationList;
			buildConfigurations = (
				A3260199204A044100FBC7A2 /* Debug */,
				A326019A204A044100FBC7A2 /* Release */,
			);
			defaultConfigurationIsVisible = 0;
			defaultConfigurationName = Release;
		};
		A326019B204A044100FBC7A2 /* Build configuration list for PBXNativeTarget "PfMPokedexUITests" */ = {
			isa = XCConfigurationList;
			buildConfigurations = (
				A326019C204A044100FBC7A2 /* Debug */,
				A326019D204A044100FBC7A2 /* Release */,
			);
			defaultConfigurationIsVisible = 0;
			defaultConfigurationName = Release;
		};
/* End XCConfigurationList section */
	};
	rootObject = A3260165204A044100FBC7A2 /* Project object */;
}
